
Microsoft Visual Studio Solution File, Format Version 12.00
# Visual Studio Version 16
VisualStudioVersion = 16.0.33927.289
MinimumVisualStudioVersion = 10.0.40219.1
Project("{2150E333-8FDC-42A3-9474-1A3956D46DE8}") = "Task0", "Task0", "{F730CDE9-408C-45E4-A932-CB5383C2EB1A}"
EndProject
Project("{FAE04EC0-301F-11D3-BF4B-00C04F79EFBC}") = "Tyuiu.GofmanDV.Sprint5.Task0.V24", "Tyuiu.GofmanDV.Sprint5.Task0.V24\Tyuiu.GofmanDV.Sprint5.Task0.V24.csproj", "{A5DF2A55-7474-4329-8650-93C095C1ACA5}"
EndProject
Project("{FAE04EC0-301F-11D3-BF4B-00C04F79EFBC}") = "Tyuiu.GofmanDV.Sprint5.Task0.V24.Lib", "Tyuiu.GofmanDV.Sprint5.Task0.V24.Lib\Tyuiu.GofmanDV.Sprint5.Task0.V24.Lib.csproj", "{95471888-6A24-4A46-8EC1-910C02A42BFC}"
EndProject
Project("{FAE04EC0-301F-11D3-BF4B-00C04F79EFBC}") = "Tyuiu.GofmanDV.Sprint5.Task0.V24.Test", "Tyuiu.GofmanDV.Sprint5.Task0.V24.Test\Tyuiu.GofmanDV.Sprint5.Task0.V24.Test.csproj", "{939D817E-53E1-442F-89BE-836BC849531D}"
EndProject
Project("{2150E333-8FDC-42A3-9474-1A3956D46DE8}") = "Task1", "Task1", "{4791870E-3422-4942-9F37-1D75D4F8CCBD}"
EndProject
Project("{FAE04EC0-301F-11D3-BF4B-00C04F79EFBC}") = "Tyuiu.GofmanDV.Sprint5.Task1.V16", "Tyuiu.GofmanDV.Sprint5.Task1.V16\Tyuiu.GofmanDV.Sprint5.Task1.V16.csproj", "{A7CF99A7-DE27-4DD1-A683-A5469E4141B5}"
EndProject
Project("{FAE04EC0-301F-11D3-BF4B-00C04F79EFBC}") = "Tyuiu.GofmanDV.Sprint5.Task1.V16.Lib", "Tyuiu.GofmanDV.Sprint5.Task1.V16.Lib\Tyuiu.GofmanDV.Sprint5.Task1.V16.Lib.csproj", "{F4275070-B0A8-4F22-9363-5568AB3DE594}"
EndProject
Project("{FAE04EC0-301F-11D3-BF4B-00C04F79EFBC}") = "Tyuiu.GofmanDV.Sprint5.Task1.V16.Test", "Tyuiu.GofmanDV.Sprint5.Task1.V16.Test\Tyuiu.GofmanDV.Sprint5.Task1.V16.Test.csproj", "{285E7345-0BB4-4150-B503-77979089DA7B}"
EndProject
Project("{2150E333-8FDC-42A3-9474-1A3956D46DE8}") = "Task2", "Task2", "{3A74B68C-9CA4-46F3-90A3-2F91E973338B}"
EndProject
Project("{FAE04EC0-301F-11D3-BF4B-00C04F79EFBC}") = "Tyuiu.GofmanDV.Sprint5.Task2.V6", "Tyuiu.GofmanDV.Sprint5.Task2.V6\Tyuiu.GofmanDV.Sprint5.Task2.V6.csproj", "{2A3DCD34-8998-47DA-A0A2-9A685295B0E8}"
EndProject
Project("{FAE04EC0-301F-11D3-BF4B-00C04F79EFBC}") = "Tyuiu.GofmanDV.Sprint5.Task2.V6.Lib", "Tyuiu.GofmanDV.Sprint5.Task2.V6.Lib\Tyuiu.GofmanDV.Sprint5.Task2.V6.Lib.csproj", "{9055DED6-7359-4C7A-9037-6A16E34A5B3D}"
EndProject
Project("{FAE04EC0-301F-11D3-BF4B-00C04F79EFBC}") = "Tyuiu.GofmanDV.Sprint5.Task2.V6.Test", "Tyuiu.GofmanDV.Sprint5.Task2.V6.Test\Tyuiu.GofmanDV.Sprint5.Task2.V6.Test.csproj", "{E709538D-FFA1-48AA-81B7-2E14DDCEA58F}"
EndProject
Global
	GlobalSection(SolutionConfigurationPlatforms) = preSolution
		Debug|Any CPU = Debug|Any CPU
		Release|Any CPU = Release|Any CPU
	EndGlobalSection
	GlobalSection(ProjectConfigurationPlatforms) = postSolution
		{A5DF2A55-7474-4329-8650-93C095C1ACA5}.Debug|Any CPU.ActiveCfg = Debug|Any CPU
		{A5DF2A55-7474-4329-8650-93C095C1ACA5}.Debug|Any CPU.Build.0 = Debug|Any CPU
		{A5DF2A55-7474-4329-8650-93C095C1ACA5}.Release|Any CPU.ActiveCfg = Release|Any CPU
		{A5DF2A55-7474-4329-8650-93C095C1ACA5}.Release|Any CPU.Build.0 = Release|Any CPU
		{95471888-6A24-4A46-8EC1-910C02A42BFC}.Debug|Any CPU.ActiveCfg = Debug|Any CPU
		{95471888-6A24-4A46-8EC1-910C02A42BFC}.Debug|Any CPU.Build.0 = Debug|Any CPU
		{95471888-6A24-4A46-8EC1-910C02A42BFC}.Release|Any CPU.ActiveCfg = Release|Any CPU
		{95471888-6A24-4A46-8EC1-910C02A42BFC}.Release|Any CPU.Build.0 = Release|Any CPU
		{939D817E-53E1-442F-89BE-836BC849531D}.Debug|Any CPU.ActiveCfg = Debug|Any CPU
		{939D817E-53E1-442F-89BE-836BC849531D}.Debug|Any CPU.Build.0 = Debug|Any CPU
		{939D817E-53E1-442F-89BE-836BC849531D}.Release|Any CPU.ActiveCfg = Release|Any CPU
		{939D817E-53E1-442F-89BE-836BC849531D}.Release|Any CPU.Build.0 = Release|Any CPU
		{A7CF99A7-DE27-4DD1-A683-A5469E4141B5}.Debug|Any CPU.ActiveCfg = Debug|Any CPU
		{A7CF99A7-DE27-4DD1-A683-A5469E4141B5}.Debug|Any CPU.Build.0 = Debug|Any CPU
		{A7CF99A7-DE27-4DD1-A683-A5469E4141B5}.Release|Any CPU.ActiveCfg = Release|Any CPU
		{A7CF99A7-DE27-4DD1-A683-A5469E4141B5}.Release|Any CPU.Build.0 = Release|Any CPU
		{F4275070-B0A8-4F22-9363-5568AB3DE594}.Debug|Any CPU.ActiveCfg = Debug|Any CPU
		{F4275070-B0A8-4F22-9363-5568AB3DE594}.Debug|Any CPU.Build.0 = Debug|Any CPU
		{F4275070-B0A8-4F22-9363-5568AB3DE594}.Release|Any CPU.ActiveCfg = Release|Any CPU
		{F4275070-B0A8-4F22-9363-5568AB3DE594}.Release|Any CPU.Build.0 = Release|Any CPU
		{285E7345-0BB4-4150-B503-77979089DA7B}.Debug|Any CPU.ActiveCfg = Debug|Any CPU
		{285E7345-0BB4-4150-B503-77979089DA7B}.Debug|Any CPU.Build.0 = Debug|Any CPU
		{285E7345-0BB4-4150-B503-77979089DA7B}.Release|Any CPU.ActiveCfg = Release|Any CPU
		{285E7345-0BB4-4150-B503-77979089DA7B}.Release|Any CPU.Build.0 = Release|Any CPU
		{2A3DCD34-8998-47DA-A0A2-9A685295B0E8}.Debug|Any CPU.ActiveCfg = Debug|Any CPU
		{2A3DCD34-8998-47DA-A0A2-9A685295B0E8}.Debug|Any CPU.Build.0 = Debug|Any CPU
		{2A3DCD34-8998-47DA-A0A2-9A685295B0E8}.Release|Any CPU.ActiveCfg = Release|Any CPU
		{2A3DCD34-8998-47DA-A0A2-9A685295B0E8}.Release|Any CPU.Build.0 = Release|Any CPU
		{9055DED6-7359-4C7A-9037-6A16E34A5B3D}.Debug|Any CPU.ActiveCfg = Debug|Any CPU
		{9055DED6-7359-4C7A-9037-6A16E34A5B3D}.Debug|Any CPU.Build.0 = Debug|Any CPU
		{9055DED6-7359-4C7A-9037-6A16E34A5B3D}.Release|Any CPU.ActiveCfg = Release|Any CPU
		{9055DED6-7359-4C7A-9037-6A16E34A5B3D}.Release|Any CPU.Build.0 = Release|Any CPU
		{E709538D-FFA1-48AA-81B7-2E14DDCEA58F}.Debug|Any CPU.ActiveCfg = Debug|Any CPU
		{E709538D-FFA1-48AA-81B7-2E14DDCEA58F}.Debug|Any CPU.Build.0 = Debug|Any CPU
		{E709538D-FFA1-48AA-81B7-2E14DDCEA58F}.Release|Any CPU.ActiveCfg = Release|Any CPU
		{E709538D-FFA1-48AA-81B7-2E14DDCEA58F}.Release|Any CPU.Build.0 = Release|Any CPU
	EndGlobalSection
	GlobalSection(SolutionProperties) = preSolution
		HideSolutionNode = FALSE
	EndGlobalSection
	GlobalSection(NestedProjects) = preSolution
		{A5DF2A55-7474-4329-8650-93C095C1ACA5} = {F730CDE9-408C-45E4-A932-CB5383C2EB1A}
		{95471888-6A24-4A46-8EC1-910C02A42BFC} = {F730CDE9-408C-45E4-A932-CB5383C2EB1A}
		{939D817E-53E1-442F-89BE-836BC849531D} = {F730CDE9-408C-45E4-A932-CB5383C2EB1A}
		{A7CF99A7-DE27-4DD1-A683-A5469E4141B5} = {4791870E-3422-4942-9F37-1D75D4F8CCBD}
		{F4275070-B0A8-4F22-9363-5568AB3DE594} = {4791870E-3422-4942-9F37-1D75D4F8CCBD}
		{285E7345-0BB4-4150-B503-77979089DA7B} = {4791870E-3422-4942-9F37-1D75D4F8CCBD}
		{2A3DCD34-8998-47DA-A0A2-9A685295B0E8} = {3A74B68C-9CA4-46F3-90A3-2F91E973338B}
		{9055DED6-7359-4C7A-9037-6A16E34A5B3D} = {3A74B68C-9CA4-46F3-90A3-2F91E973338B}
		{E709538D-FFA1-48AA-81B7-2E14DDCEA58F} = {3A74B68C-9CA4-46F3-90A3-2F91E973338B}
	EndGlobalSection
	GlobalSection(ExtensibilityGlobals) = postSolution
		SolutionGuid = {C64131BC-B3C0-4A02-943F-036B3695ECE1}
	EndGlobalSection
EndGlobal
